
Microsoft Visual Studio Solution File, Format Version 12.00
# Visual Studio 14
VisualStudioVersion = 14.0.25420.1
MinimumVisualStudioVersion = 10.0.40219.1
Project("{E24C65DC-7377-472B-9ABA-BC803B73C61A}") = "GS.module.site", "GS.module.site\", "{5B2B26A5-10DF-4300-87E0-E2C81C1251B5}"
	ProjectSection(WebsiteProperties) = preProject
		TargetFrameworkMoniker = ".NETFramework,Version%3Dv4.0"
		Debug.AspNetCompiler.VirtualPath = "/merlin"
		Debug.AspNetCompiler.PhysicalPath = "GS.module.site\"
		Debug.AspNetCompiler.TargetPath = "..\..\..\Publish\merlin\"
		Debug.AspNetCompiler.Updateable = "true"
		Debug.AspNetCompiler.ForceOverwrite = "true"
		Debug.AspNetCompiler.FixedNames = "false"
		Debug.AspNetCompiler.Debug = "True"
		Release.AspNetCompiler.VirtualPath = "/merlin"
		Release.AspNetCompiler.PhysicalPath = "GS.module.site\"
		Release.AspNetCompiler.TargetPath = "..\..\..\Publish\merlin\"
		Release.AspNetCompiler.Updateable = "true"
		Release.AspNetCompiler.ForceOverwrite = "true"
		Release.AspNetCompiler.FixedNames = "false"
		Release.AspNetCompiler.Debug = "False"
		VWDPort = "50612"
		SlnRelativePath = "GS.module.site\"
		DefaultWebSiteLanguage = "Visual C#"
	EndProjectSection
EndProject
Project("{FAE04EC0-301F-11D3-BF4B-00C04F79EFBC}") = "GS.module.data.access", "GS.module.data.access\GS.module.data.access.csproj", "{C8F1703B-E44C-41A4-984C-DE143C11EC44}"
EndProject
Project("{FAE04EC0-301F-11D3-BF4B-00C04F79EFBC}") = "GS.module.logic", "GS.module.logic\GS.module.logic.csproj", "{F069F33B-8AA2-4BA0-A8BE-3742AB9FAD43}"
EndProject
Project("{FAE04EC0-301F-11D3-BF4B-00C04F79EFBC}") = "GS.module.entities", "GS.module.entities\GS.module.entities.csproj", "{94ECE3D0-3A52-4190-ACE2-9C86F8EC037C}"
EndProject
Project("{FAE04EC0-301F-11D3-BF4B-00C04F79EFBC}") = "GS.module.library", "GS.module.library\GS.module.library.csproj", "{235DBB86-3255-4D1D-B764-4B05A363D7E2}"
EndProject
Project("{FAE04EC0-301F-11D3-BF4B-00C04F79EFBC}") = "GS.module.services", "GS.module.services\GS.module.services.csproj", "{E72296E0-C692-47DA-A5F5-7F84E0264D71}"
EndProject
Project("{2150E333-8FDC-42A3-9474-1A3956D46DE8}") = "1. Library", "1. Library", "{D076502C-4054-4947-86CE-D6F9FE38B5B7}"
EndProject
Project("{2150E333-8FDC-42A3-9474-1A3956D46DE8}") = "2. Server", "2. Server", "{912EB8CC-ED3B-4C7C-89A9-4EF7A6BC617F}"
EndProject
Project("{2150E333-8FDC-42A3-9474-1A3956D46DE8}") = "3. Client", "3. Client", "{96CF2A0C-BB14-4A24-A3A4-03AFBF3427AA}"
EndProject
Project("{E24C65DC-7377-472B-9ABA-BC803B73C61A}") = "GS.module.resources", "GS.module.resources\", "{F1D97A52-9488-4B95-9644-8B95DD85AF7C}"
	ProjectSection(WebsiteProperties) = preProject
		TargetFrameworkMoniker = ".NETFramework,Version%3Dv4.0"
		Debug.AspNetCompiler.VirtualPath = "/localhost_63870"
		Debug.AspNetCompiler.PhysicalPath = "GS.module.resources\"
		Debug.AspNetCompiler.TargetPath = "PrecompiledWeb\localhost_63870\"
		Debug.AspNetCompiler.Updateable = "true"
		Debug.AspNetCompiler.ForceOverwrite = "true"
		Debug.AspNetCompiler.FixedNames = "false"
		Debug.AspNetCompiler.Debug = "True"
		Release.AspNetCompiler.VirtualPath = "/localhost_63870"
		Release.AspNetCompiler.PhysicalPath = "GS.module.resources\"
		Release.AspNetCompiler.TargetPath = "PrecompiledWeb\localhost_63870\"
		Release.AspNetCompiler.Updateable = "true"
		Release.AspNetCompiler.ForceOverwrite = "true"
		Release.AspNetCompiler.FixedNames = "false"
		Release.AspNetCompiler.Debug = "False"
		VWDPort = "63870"
		SlnRelativePath = "GS.module.resources\"
		DefaultWebSiteLanguage = "Visual C#"
	EndProjectSection
EndProject
Global
	GlobalSection(SolutionConfigurationPlatforms) = preSolution
		Debug|Any CPU = Debug|Any CPU
		Release|Any CPU = Release|Any CPU
	EndGlobalSection
	GlobalSection(ProjectConfigurationPlatforms) = postSolution
		{5B2B26A5-10DF-4300-87E0-E2C81C1251B5}.Debug|Any CPU.ActiveCfg = Debug|Any CPU
		{5B2B26A5-10DF-4300-87E0-E2C81C1251B5}.Debug|Any CPU.Build.0 = Debug|Any CPU
		{5B2B26A5-10DF-4300-87E0-E2C81C1251B5}.Release|Any CPU.ActiveCfg = Debug|Any CPU
		{5B2B26A5-10DF-4300-87E0-E2C81C1251B5}.Release|Any CPU.Build.0 = Debug|Any CPU
		{C8F1703B-E44C-41A4-984C-DE143C11EC44}.Debug|Any CPU.ActiveCfg = Debug|Any CPU
		{C8F1703B-E44C-41A4-984C-DE143C11EC44}.Debug|Any CPU.Build.0 = Debug|Any CPU
		{C8F1703B-E44C-41A4-984C-DE143C11EC44}.Release|Any CPU.ActiveCfg = Release|Any CPU
		{C8F1703B-E44C-41A4-984C-DE143C11EC44}.Release|Any CPU.Build.0 = Release|Any CPU
		{F069F33B-8AA2-4BA0-A8BE-3742AB9FAD43}.Debug|Any CPU.ActiveCfg = Debug|Any CPU
		{F069F33B-8AA2-4BA0-A8BE-3742AB9FAD43}.Debug|Any CPU.Build.0 = Debug|Any CPU
		{F069F33B-8AA2-4BA0-A8BE-3742AB9FAD43}.Release|Any CPU.ActiveCfg = Release|Any CPU
		{F069F33B-8AA2-4BA0-A8BE-3742AB9FAD43}.Release|Any CPU.Build.0 = Release|Any CPU
		{94ECE3D0-3A52-4190-ACE2-9C86F8EC037C}.Debug|Any CPU.ActiveCfg = Debug|Any CPU
		{94ECE3D0-3A52-4190-ACE2-9C86F8EC037C}.Debug|Any CPU.Build.0 = Debug|Any CPU
		{94ECE3D0-3A52-4190-ACE2-9C86F8EC037C}.Release|Any CPU.ActiveCfg = Release|Any CPU
		{94ECE3D0-3A52-4190-ACE2-9C86F8EC037C}.Release|Any CPU.Build.0 = Release|Any CPU
		{235DBB86-3255-4D1D-B764-4B05A363D7E2}.Debug|Any CPU.ActiveCfg = Debug|Any CPU
		{235DBB86-3255-4D1D-B764-4B05A363D7E2}.Debug|Any CPU.Build.0 = Debug|Any CPU
		{235DBB86-3255-4D1D-B764-4B05A363D7E2}.Release|Any CPU.ActiveCfg = Release|Any CPU
		{235DBB86-3255-4D1D-B764-4B05A363D7E2}.Release|Any CPU.Build.0 = Release|Any CPU
		{E72296E0-C692-47DA-A5F5-7F84E0264D71}.Debug|Any CPU.ActiveCfg = Debug|Any CPU
		{E72296E0-C692-47DA-A5F5-7F84E0264D71}.Debug|Any CPU.Build.0 = Debug|Any CPU
		{E72296E0-C692-47DA-A5F5-7F84E0264D71}.Release|Any CPU.ActiveCfg = Release|Any CPU
		{E72296E0-C692-47DA-A5F5-7F84E0264D71}.Release|Any CPU.Build.0 = Release|Any CPU
		{F1D97A52-9488-4B95-9644-8B95DD85AF7C}.Debug|Any CPU.ActiveCfg = Debug|Any CPU
		{F1D97A52-9488-4B95-9644-8B95DD85AF7C}.Debug|Any CPU.Build.0 = Debug|Any CPU
		{F1D97A52-9488-4B95-9644-8B95DD85AF7C}.Release|Any CPU.ActiveCfg = Debug|Any CPU
		{F1D97A52-9488-4B95-9644-8B95DD85AF7C}.Release|Any CPU.Build.0 = Debug|Any CPU
	EndGlobalSection
	GlobalSection(SolutionProperties) = preSolution
		HideSolutionNode = FALSE
	EndGlobalSection
	GlobalSection(NestedProjects) = preSolution
		{5B2B26A5-10DF-4300-87E0-E2C81C1251B5} = {96CF2A0C-BB14-4A24-A3A4-03AFBF3427AA}
		{C8F1703B-E44C-41A4-984C-DE143C11EC44} = {912EB8CC-ED3B-4C7C-89A9-4EF7A6BC617F}
		{F069F33B-8AA2-4BA0-A8BE-3742AB9FAD43} = {912EB8CC-ED3B-4C7C-89A9-4EF7A6BC617F}
		{94ECE3D0-3A52-4190-ACE2-9C86F8EC037C} = {912EB8CC-ED3B-4C7C-89A9-4EF7A6BC617F}
		{235DBB86-3255-4D1D-B764-4B05A363D7E2} = {D076502C-4054-4947-86CE-D6F9FE38B5B7}
		{E72296E0-C692-47DA-A5F5-7F84E0264D71} = {912EB8CC-ED3B-4C7C-89A9-4EF7A6BC617F}
		{F1D97A52-9488-4B95-9644-8B95DD85AF7C} = {96CF2A0C-BB14-4A24-A3A4-03AFBF3427AA}
	EndGlobalSection
EndGlobal
